
Microsoft Visual Studio Solution File, Format Version 12.00
# Visual Studio 2012
Project("{D41D8CD9-8F00-B204-E980-0998ECF8427E}") = "KRPC.IO.Ports", "src\KRPC.IO.Ports.csproj", "{D41D8CD9-8F00-B204-E980-0998ECF8427E}"
EndProject
Global
	GlobalSection(SolutionConfigurationPlatforms) = preSolution
		Debug|Any CPU = Debug|Any CPU
		Release|Any CPU = Release|Any CPU
	EndGlobalSection
	GlobalSection(ProjectConfigurationPlatforms) = postSolution
		{D41D8CD9-8F00-B204-E980-0998ECF8427E}.Debug|Any CPU.ActiveCfg = Debug|Any CPU
		{D41D8CD9-8F00-B204-E980-0998ECF8427E}.Debug|Any CPU.Build.0 = Debug|Any CPU
		{D41D8CD9-8F00-B204-E980-0998ECF8427E}.Release|Any CPU.ActiveCfg = Release|Any CPU
		{D41D8CD9-8F00-B204-E980-0998ECF8427E}.Release|Any CPU.Build.0 = Release|Any CPU
	EndGlobalSection
EndGlobal
